// !$*UTF8*$!
{
	archiveVersion = 1;
	classes = {
	};
	objectVersion = 46;
	objects = {

/* Begin PBXBuildFile section */
		A81172C51CD0660E00BA3196 /* AppDelegate.swift in Sources */ = {isa = PBXBuildFile; fileRef = A81172C41CD0660E00BA3196 /* AppDelegate.swift */; };
		A81172C71CD0660E00BA3196 /* ChecklistViewController.swift in Sources */ = {isa = PBXBuildFile; fileRef = A81172C61CD0660E00BA3196 /* ChecklistViewController.swift */; };
		A81172CA1CD0660E00BA3196 /* Main.storyboard in Resources */ = {isa = PBXBuildFile; fileRef = A81172C81CD0660E00BA3196 /* Main.storyboard */; };
		A81172CC1CD0660F00BA3196 /* Assets.xcassets in Resources */ = {isa = PBXBuildFile; fileRef = A81172CB1CD0660F00BA3196 /* Assets.xcassets */; };
		A81172CF1CD0660F00BA3196 /* LaunchScreen.storyboard in Resources */ = {isa = PBXBuildFile; fileRef = A81172CD1CD0660F00BA3196 /* LaunchScreen.storyboard */; };
		A81172D91CD0859800BA3196 /* ChecklistItem.swift in Sources */ = {isa = PBXBuildFile; fileRef = A81172D81CD0859800BA3196 /* ChecklistItem.swift */; };
		A83B303C1CD6ECF800D38D88 /* DataModel.swift in Sources */ = {isa = PBXBuildFile; fileRef = A83B303B1CD6ECF800D38D88 /* DataModel.swift */; };
		A8961D4F1CD19E87006AFAF4 /* ItemDetailViewController.swift in Sources */ = {isa = PBXBuildFile; fileRef = A8961D4E1CD19E87006AFAF4 /* ItemDetailViewController.swift */; };
		A8961D541CD309B0006AFAF4 /* AllListsViewController.swift in Sources */ = {isa = PBXBuildFile; fileRef = A8961D531CD309B0006AFAF4 /* AllListsViewController.swift */; };
		A8961D561CD31108006AFAF4 /* Checklist.swift in Sources */ = {isa = PBXBuildFile; fileRef = A8961D551CD31108006AFAF4 /* Checklist.swift */; };
		A8FAB6981CD6CB75007E7222 /* ListDetailViewController.swift in Sources */ = {isa = PBXBuildFile; fileRef = A8FAB6971CD6CB75007E7222 /* ListDetailViewController.swift */; };
/* End PBXBuildFile section */

/* Begin PBXFileReference section */
		A81172C11CD0660E00BA3196 /* Checklists.app */ = {isa = PBXFileReference; explicitFileType = wrapper.application; includeInIndex = 0; path = Checklists.app; sourceTree = BUILT_PRODUCTS_DIR; };
		A81172C41CD0660E00BA3196 /* AppDelegate.swift */ = {isa = PBXFileReference; lastKnownFileType = sourcecode.swift; path = AppDelegate.swift; sourceTree = "<group>"; };
		A81172C61CD0660E00BA3196 /* ChecklistViewController.swift */ = {isa = PBXFileReference; lastKnownFileType = sourcecode.swift; lineEnding = 0; path = ChecklistViewController.swift; sourceTree = "<group>"; xcLanguageSpecificationIdentifier = xcode.lang.swift; };
		A81172C91CD0660E00BA3196 /* Base */ = {isa = PBXFileReference; lastKnownFileType = file.storyboard; name = Base; path = Base.lproj/Main.storyboard; sourceTree = "<group>"; };
		A81172CB1CD0660F00BA3196 /* Assets.xcassets */ = {isa = PBXFileReference; lastKnownFileType = folder.assetcatalog; path = Assets.xcassets; sourceTree = "<group>"; };
		A81172CE1CD0660F00BA3196 /* Base */ = {isa = PBXFileReference; lastKnownFileType = file.storyboard; name = Base; path = Base.lproj/LaunchScreen.storyboard; sourceTree = "<group>"; };
		A81172D01CD0660F00BA3196 /* Info.plist */ = {isa = PBXFileReference; lastKnownFileType = text.plist.xml; path = Info.plist; sourceTree = "<group>"; };
		A81172D81CD0859800BA3196 /* ChecklistItem.swift */ = {isa = PBXFileReference; fileEncoding = 4; lastKnownFileType = sourcecode.swift; path = ChecklistItem.swift; sourceTree = "<group>"; };
		A83B303B1CD6ECF800D38D88 /* DataModel.swift */ = {isa = PBXFileReference; fileEncoding = 4; lastKnownFileType = sourcecode.swift; path = DataModel.swift; sourceTree = "<group>"; };
		A8961D4E1CD19E87006AFAF4 /* ItemDetailViewController.swift */ = {isa = PBXFileReference; fileEncoding = 4; lastKnownFileType = sourcecode.swift; lineEnding = 0; path = ItemDetailViewController.swift; sourceTree = "<group>"; xcLanguageSpecificationIdentifier = xcode.lang.swift; };
		A8961D531CD309B0006AFAF4 /* AllListsViewController.swift */ = {isa = PBXFileReference; fileEncoding = 4; lastKnownFileType = sourcecode.swift; name = AllListsViewController.swift; path = ../AllListsViewController.swift; sourceTree = "<group>"; };
		A8961D551CD31108006AFAF4 /* Checklist.swift */ = {isa = PBXFileReference; fileEncoding = 4; lastKnownFileType = sourcecode.swift; path = Checklist.swift; sourceTree = "<group>"; };
		A8FAB6971CD6CB75007E7222 /* ListDetailViewController.swift */ = {isa = PBXFileReference; fileEncoding = 4; lastKnownFileType = sourcecode.swift; path = ListDetailViewController.swift; sourceTree = "<group>"; };
/* End PBXFileReference section */

/* Begin PBXFrameworksBuildPhase section */
		A81172BE1CD0660E00BA3196 /* Frameworks */ = {
			isa = PBXFrameworksBuildPhase;
			buildActionMask = 2147483647;
			files = (
			);
			runOnlyForDeploymentPostprocessing = 0;
		};
/* End PBXFrameworksBuildPhase section */

/* Begin PBXGroup section */
		A81172B81CD0660E00BA3196 = {
			isa = PBXGroup;
			children = (
				A81172C31CD0660E00BA3196 /* Checklists */,
				A81172C21CD0660E00BA3196 /* Products */,
			);
			sourceTree = "<group>";
		};
		A81172C21CD0660E00BA3196 /* Products */ = {
			isa = PBXGroup;
			children = (
				A81172C11CD0660E00BA3196 /* Checklists.app */,
			);
			name = Products;
			sourceTree = "<group>";
		};
		A81172C31CD0660E00BA3196 /* Checklists */ = {
			isa = PBXGroup;
			children = (
				A8961D531CD309B0006AFAF4 /* AllListsViewController.swift */,
				A81172C41CD0660E00BA3196 /* AppDelegate.swift */,
				A83B303B1CD6ECF800D38D88 /* DataModel.swift */,
				A81172C61CD0660E00BA3196 /* ChecklistViewController.swift */,
				A81172C81CD0660E00BA3196 /* Main.storyboard */,
				A81172CB1CD0660F00BA3196 /* Assets.xcassets */,
				A81172CD1CD0660F00BA3196 /* LaunchScreen.storyboard */,
				A81172D01CD0660F00BA3196 /* Info.plist */,
				A8FAB6971CD6CB75007E7222 /* ListDetailViewController.swift */,
				A81172D81CD0859800BA3196 /* ChecklistItem.swift */,
				A8961D551CD31108006AFAF4 /* Checklist.swift */,
				A8961D4E1CD19E87006AFAF4 /* ItemDetailViewController.swift */,
			);
			path = Checklists;
			sourceTree = "<group>";
		};
/* End PBXGroup section */

/* Begin PBXNativeTarget section */
		A81172C01CD0660E00BA3196 /* Checklists */ = {
			isa = PBXNativeTarget;
			buildConfigurationList = A81172D31CD0660F00BA3196 /* Build configuration list for PBXNativeTarget "Checklists" */;
			buildPhases = (
				A81172BD1CD0660E00BA3196 /* Sources */,
				A81172BE1CD0660E00BA3196 /* Frameworks */,
				A81172BF1CD0660E00BA3196 /* Resources */,
			);
			buildRules = (
			);
			dependencies = (
			);
			name = Checklists;
			productName = Checklists;
			productReference = A81172C11CD0660E00BA3196 /* Checklists.app */;
			productType = "com.apple.product-type.application";
		};
/* End PBXNativeTarget section */

/* Begin PBXProject section */
		A81172B91CD0660E00BA3196 /* Project object */ = {
			isa = PBXProject;
			attributes = {
				LastSwiftUpdateCheck = 0730;
				LastUpgradeCheck = 0730;
				ORGANIZATIONNAME = "Matthew Riddle";
				TargetAttributes = {
					A81172C01CD0660E00BA3196 = {
						CreatedOnToolsVersion = 7.3;
						DevelopmentTeam = 2V53T8UT7F;
					};
				};
			};
			buildConfigurationList = A81172BC1CD0660E00BA3196 /* Build configuration list for PBXProject "Checklists" */;
			compatibilityVersion = "Xcode 3.2";
			developmentRegion = English;
			hasScannedForEncodings = 0;
			knownRegions = (
				en,
				Base,
			);
			mainGroup = A81172B81CD0660E00BA3196;
			productRefGroup = A81172C21CD0660E00BA3196 /* Products */;
			projectDirPath = "";
			projectRoot = "";
			targets = (
				A81172C01CD0660E00BA3196 /* Checklists */,
			);
		};
/* End PBXProject section */

/* Begin PBXResourcesBuildPhase section */
		A81172BF1CD0660E00BA3196 /* Resources */ = {
			isa = PBXResourcesBuildPhase;
			buildActionMask = 2147483647;
			files = (
				A81172CF1CD0660F00BA3196 /* LaunchScreen.storyboard in Resources */,
				A81172CC1CD0660F00BA3196 /* Assets.xcassets in Resources */,
				A81172CA1CD0660E00BA3196 /* Main.storyboard in Resources */,
			);
			runOnlyForDeploymentPostprocessing = 0;
		};
/* End PBXResourcesBuildPhase section */

/* Begin PBXSourcesBuildPhase section */
		A81172BD1CD0660E00BA3196 /* Sources */ = {
			isa = PBXSourcesBuildPhase;
			buildActionMask = 2147483647;
			files = (
				A81172C71CD0660E00BA3196 /* ChecklistViewController.swift in Sources */,
				A8FAB6981CD6CB75007E7222 /* ListDetailViewController.swift in Sources */,
				A8961D4F1CD19E87006AFAF4 /* ItemDetailViewController.swift in Sources */,
				A8961D561CD31108006AFAF4 /* Checklist.swift in Sources */,
				A81172D91CD0859800BA3196 /* ChecklistItem.swift in Sources */,
				A83B303C1CD6ECF800D38D88 /* DataModel.swift in Sources */,
				A8961D541CD309B0006AFAF4 /* AllListsViewController.swift in Sources */,
				A81172C51CD0660E00BA3196 /* AppDelegate.swift in Sources */,
			);
			runOnlyForDeploymentPostprocessing = 0;
		};
/* End PBXSourcesBuildPhase section */

/* Begin PBXVariantGroup section */
		A81172C81CD0660E00BA3196 /* Main.storyboard */ = {
			isa = PBXVariantGroup;
			children = (
				A81172C91CD0660E00BA3196 /* Base */,
			);
			name = Main.storyboard;
			sourceTree = "<group>";
		};
		A81172CD1CD0660F00BA3196 /* LaunchScreen.storyboard */ = {
			isa = PBXVariantGroup;
			children = (
				A81172CE1CD0660F00BA3196 /* Base */,
			);
			name = LaunchScreen.storyboard;
			sourceTree = "<group>";
		};
/* End PBXVariantGroup section */

/* Begin XCBuildConfiguration section */
		A81172D11CD0660F00BA3196 /* Debug */ = {
			isa = XCBuildConfiguration;
			buildSettings = {
				ALWAYS_SEARCH_USER_PATHS = NO;
				CLANG_ANALYZER_NONNULL = YES;
				CLANG_CXX_LANGUAGE_STANDARD = "gnu++0x";
				CLANG_CXX_LIBRARY = "libc++";
				CLANG_ENABLE_MODULES = YES;
				CLANG_ENABLE_OBJC_ARC = YES;
				CLANG_WARN_BOOL_CONVERSION = YES;
				CLANG_WARN_CONSTANT_CONVERSION = YES;
				CLANG_WARN_DIRECT_OBJC_ISA_USAGE = YES_ERROR;
				CLANG_WARN_EMPTY_BODY = YES;
				CLANG_WARN_ENUM_CONVERSION = YES;
				CLANG_WARN_INT_CONVERSION = YES;
				CLANG_WARN_OBJC_ROOT_CLASS = YES_ERROR;
				CLANG_WARN_UNREACHABLE_CODE = YES;
				CLANG_WARN__DUPLICATE_METHOD_MATCH = YES;
				"CODE_SIGN_IDENTITY[sdk=iphoneos*]" = "iPhone Developer";
				COPY_PHASE_STRIP = NO;
				DEBUG_INFORMATION_FORMAT = dwarf;
				ENABLE_STRICT_OBJC_MSGSEND = YES;
				ENABLE_TESTABILITY = YES;
				GCC_C_LANGUAGE_STANDARD = gnu99;
				GCC_DYNAMIC_NO_PIC = NO;
				GCC_NO_COMMON_BLOCKS = YES;
				GCC_OPTIMIZATION_LEVEL = 0;
				GCC_PREPROCESSOR_DEFINITIONS = (
					"DEBUG=1",
					"$(inherited)",
				);
				GCC_WARN_64_TO_32_BIT_CONVERSION = YES;
				GCC_WARN_ABOUT_RETURN_TYPE = YES_ERROR;
				GCC_WARN_UNDECLARED_SELECTOR = YES;
				GCC_WARN_UNINITIALIZED_AUTOS = YES_AGGRESSIVE;
				GCC_WARN_UNUSED_FUNCTION = YES;
				GCC_WARN_UNUSED_VARIABLE = YES;
				IPHONEOS_DEPLOYMENT_TARGET = 9.3;
				MTL_ENABLE_DEBUG_INFO = YES;
				ONLY_ACTIVE_ARCH = YES;
				SDKROOT = iphoneos;
				SWIFT_OPTIMIZATION_LEVEL = "-Onone";
			};
			name = Debug;
		};
		A81172D21CD0660F00BA3196 /* Release */ = {
			isa = XCBuildConfiguration;
			buildSettings = {
				ALWAYS_SEARCH_USER_PATHS = NO;
				CLANG_ANALYZER_NONNULL = YES;
				CLANG_CXX_LANGUAGE_STANDARD = "gnu++0x";
				CLANG_CXX_LIBRARY = "libc++";
				CLANG_ENABLE_MODULES = YES;
				CLANG_ENABLE_OBJC_ARC = YES;
				CLANG_WARN_BOOL_CONVERSION = YES;
				CLANG_WARN_CONSTANT_CONVERSION = YES;
				CLANG_WARN_DIRECT_OBJC_ISA_USAGE = YES_ERROR;
				CLANG_WARN_EMPTY_BODY = YES;
				CLANG_WARN_ENUM_CONVERSION = YES;
				CLANG_WARN_INT_CONVERSION = YES;
				CLANG_WARN_OBJC_ROOT_CLASS = YES_ERROR;
				CLANG_WARN_UNREACHABLE_CODE = YES;
				CLANG_WARN__DUPLICATE_METHOD_MATCH = YES;
				"CODE_SIGN_IDENTITY[sdk=iphoneos*]" = "iPhone Developer";
				COPY_PHASE_STRIP = NO;
				DEBUG_INFORMATION_FORMAT = "dwarf-with-dsym";
				ENABLE_NS_ASSERTIONS = NO;
				ENABLE_STRICT_OBJC_MSGSEND = YES;
				GCC_C_LANGUAGE_STANDARD = gnu99;
				GCC_NO_COMMON_BLOCKS = YES;
				GCC_WARN_64_TO_32_BIT_CONVERSION = YES;
				GCC_WARN_ABOUT_RETURN_TYPE = YES_ERROR;
				GCC_WARN_UNDECLARED_SELECTOR = YES;
				GCC_WARN_UNINITIALIZED_AUTOS = YES_AGGRESSIVE;
				GCC_WARN_UNUSED_FUNCTION = YES;
				GCC_WARN_UNUSED_VARIABLE = YES;
				IPHONEOS_DEPLOYMENT_TARGET = 9.3;
				MTL_ENABLE_DEBUG_INFO = NO;
				SDKROOT = iphoneos;
				VALIDATE_PRODUCT = YES;
			};
			name = Release;
		};
		A81172D41CD0660F00BA3196 /* Debug */ = {
			isa = XCBuildConfiguration;
			buildSettings = {
				ASSETCATALOG_COMPILER_APPICON_NAME = AppIcon;
				INFOPLIST_FILE = Checklists/Info.plist;
				LD_RUNPATH_SEARCH_PATHS = "$(inherited) @executable_path/Frameworks";
				PRODUCT_BUNDLE_IDENTIFIER = com.mriddle.Checklists;
				PRODUCT_NAME = "$(TARGET_NAME)";
			};
			name = Debug;
		};
		A81172D51CD0660F00BA3196 /* Release */ = {
			isa = XCBuildConfiguration;
			buildSettings = {
				ASSETCATALOG_COMPILER_APPICON_NAME = AppIcon;
				INFOPLIST_FILE = Checklists/Info.plist;
				LD_RUNPATH_SEARCH_PATHS = "$(inherited) @executable_path/Frameworks";
				PRODUCT_BUNDLE_IDENTIFIER = com.mriddle.Checklists;
				PRODUCT_NAME = "$(TARGET_NAME)";
			};
			name = Release;
		};
/* End XCBuildConfiguration section */

/* Begin XCConfigurationList section */
		A81172BC1CD0660E00BA3196 /* Build configuration list for PBXProject "Checklists" */ = {
			isa = XCConfigurationList;
			buildConfigurations = (
				A81172D11CD0660F00BA3196 /* Debug */,
				A81172D21CD0660F00BA3196 /* Release */,
			);
			defaultConfigurationIsVisible = 0;
			defaultConfigurationName = Release;
		};
		A81172D31CD0660F00BA3196 /* Build configuration list for PBXNativeTarget "Checklists" */ = {
			isa = XCConfigurationList;
			buildConfigurations = (
				A81172D41CD0660F00BA3196 /* Debug */,
				A81172D51CD0660F00BA3196 /* Release */,
			);
			defaultConfigurationIsVisible = 0;
			defaultConfigurationName = Release;
		};
/* End XCConfigurationList section */
	};
	rootObject = A81172B91CD0660E00BA3196 /* Project object */;
}
